
Microsoft Visual Studio Solution File, Format Version 12.00
# Visual Studio Version 17
VisualStudioVersion = 17.13.35931.197 d17.13
MinimumVisualStudioVersion = 10.0.40219.1
Project("{888888A0-9F3D-457C-B088-3A5042F75D52}") = "oman_chatbot", "oman_chatbot\oman_chatbot.pyproj", "{308C1492-13EA-4979-8C85-33C6042E1141}"
EndProject
Global
	GlobalSection(SolutionConfigurationPlatforms) = preSolution
		Debug|Any CPU = Debug|Any CPU
		Release|Any CPU = Release|Any CPU
	EndGlobalSection
	GlobalSection(ProjectConfigurationPlatforms) = postSolution
		{308C1492-13EA-4979-8C85-33C6042E1141}.Debug|Any CPU.ActiveCfg = Debug|Any CPU
		{308C1492-13EA-4979-8C85-33C6042E1141}.Release|Any CPU.ActiveCfg = Release|Any CPU
	EndGlobalSection
	GlobalSection(SolutionProperties) = preSolution
		HideSolutionNode = FALSE
	EndGlobalSection
	GlobalSection(ExtensibilityGlobals) = postSolution
		SolutionGuid = {064371CA-CD47-4BA5-85A3-E364BAB121C0}
	EndGlobalSection
EndGlobal
